
Microsoft Visual Studio Solution File, Format Version 12.00
# Visual Studio 15
VisualStudioVersion = 15.0.27130.2024
MinimumVisualStudioVersion = 10.0.40219.1
Project("{FAE04EC0-301F-11D3-BF4B-00C04F79EFBC}") = "CodePyramidv1", "CodePyramidv1\CodePyramidv1.csproj", "{B2F5D1CC-D6AD-4B2E-A3F8-17F7182CF869}"
EndProject
Global
	GlobalSection(SolutionConfigurationPlatforms) = preSolution
		Debug|Any CPU = Debug|Any CPU
		Release|Any CPU = Release|Any CPU
	EndGlobalSection
	GlobalSection(ProjectConfigurationPlatforms) = postSolution
		{B2F5D1CC-D6AD-4B2E-A3F8-17F7182CF869}.Debug|Any CPU.ActiveCfg = Debug|Any CPU
		{B2F5D1CC-D6AD-4B2E-A3F8-17F7182CF869}.Debug|Any CPU.Build.0 = Debug|Any CPU
		{B2F5D1CC-D6AD-4B2E-A3F8-17F7182CF869}.Release|Any CPU.ActiveCfg = Release|Any CPU
		{B2F5D1CC-D6AD-4B2E-A3F8-17F7182CF869}.Release|Any CPU.Build.0 = Release|Any CPU
	EndGlobalSection
	GlobalSection(SolutionProperties) = preSolution
		HideSolutionNode = FALSE
	EndGlobalSection
	GlobalSection(ExtensibilityGlobals) = postSolution
		SolutionGuid = {BF43A4ED-EB05-47C8-9147-FFA9B1419733}
	EndGlobalSection
EndGlobal
